PODS:
  - DFITableViewCells (0.0.1):
    - Masonry
  - Masonry (1.1.0)

DEPENDENCIES:
  - DFITableViewCells (from `~/Documents/Documents_MacBookPro/DFIProjects/DFITableViewCells`)
  - Masonry

EXTERNAL SOURCES:
  DFITableViewCells:
    :path: ~/Documents/Documents_MacBookPro/DFIProjects/DFITableViewCells

SPEC CHECKSUMS:
  DFITableViewCells: 2d7847ddd179f7ac697ba745b0769b7caf9b7ef5
  Masonry: 678fab65091a9290e40e2832a55e7ab731aad201

PODFILE CHECKSUM: 5ee374ce2eeec1ed9ad4d579480b41da22106faa

COCOAPODS: 1.4.0.rc.1
