// !$*UTF8*$!
{
	archiveVersion = 1;
	classes = {
	};
	objectVersion = 46;
	objects = {

/* Begin PBXBuildFile section */
		2A22AA031D83E4D400B5738E /* CodeTableViewControllerViewModel.m in Sources */ = {isa = PBXBuildFile; fileRef = 2A22AA021D83E4D400B5738E /* CodeTableViewControllerViewModel.m */; };
		2A22AA061D84108300B5738E /* NSArray+funtional.m in Sources */ = {isa = PBXBuildFile; fileRef = 2A22AA051D84108300B5738E /* NSArray+funtional.m */; };
		2A22AA0B1D84110600B5738E /* DemoCustomCellViewModel.m in Sources */ = {isa = PBXBuildFile; fileRef = 2A22AA081D84110600B5738E /* DemoCustomCellViewModel.m */; };
		2A22AA0C1D84110600B5738E /* DemoCustomCell.m in Sources */ = {isa = PBXBuildFile; fileRef = 2A22AA0A1D84110600B5738E /* DemoCustomCell.m */; };
		2A63C7FA1D8143A3001A7530 /* main.m in Sources */ = {isa = PBXBuildFile; fileRef = 2A63C7F91D8143A3001A7530 /* main.m */; };
		2A63C7FD1D8143A3001A7530 /* AppDelegate.m in Sources */ = {isa = PBXBuildFile; fileRef = 2A63C7FC1D8143A3001A7530 /* AppDelegate.m */; };
		2A63C8001D8143A3001A7530 /* CodeTableViewController.m in Sources */ = {isa = PBXBuildFile; fileRef = 2A63C7FF1D8143A3001A7530 /* CodeTableViewController.m */; };
		2A63C8031D8143A3001A7530 /* Main.storyboard in Resources */ = {isa = PBXBuildFile; fileRef = 2A63C8011D8143A3001A7530 /* Main.storyboard */; };
		2A63C8051D8143A3001A7530 /* Assets.xcassets in Resources */ = {isa = PBXBuildFile; fileRef = 2A63C8041D8143A3001A7530 /* Assets.xcassets */; };
		2A63C8081D8143A3001A7530 /* LaunchScreen.storyboard in Resources */ = {isa = PBXBuildFile; fileRef = 2A63C8061D8143A3001A7530 /* LaunchScreen.storyboard */; };
		2A63C8131D8143A3001A7530 /* DFITableViewManagerDemoTests.m in Sources */ = {isa = PBXBuildFile; fileRef = 2A63C8121D8143A3001A7530 /* DFITableViewManagerDemoTests.m */; };
		2A63C81E1D8143A3001A7530 /* DFITableViewManagerDemoUITests.m in Sources */ = {isa = PBXBuildFile; fileRef = 2A63C81D1D8143A3001A7530 /* DFITableViewManagerDemoUITests.m */; };
		2A63C8681D8143D2001A7530 /* DFITableViewConfiguration.m in Sources */ = {isa = PBXBuildFile; fileRef = 2A63C84B1D8143D2001A7530 /* DFITableViewConfiguration.m */; };
		2A63C8691D8143D2001A7530 /* DFITableViewDataSourceProxy.m in Sources */ = {isa = PBXBuildFile; fileRef = 2A63C84D1D8143D2001A7530 /* DFITableViewDataSourceProxy.m */; };
		2A63C86A1D8143D2001A7530 /* DFITableViewDelegateProxy.m in Sources */ = {isa = PBXBuildFile; fileRef = 2A63C84F1D8143D2001A7530 /* DFITableViewDelegateProxy.m */; };
		2A63C86B1D8143D2001A7530 /* DFITableViewModel.m in Sources */ = {isa = PBXBuildFile; fileRef = 2A63C8521D8143D2001A7530 /* DFITableViewModel.m */; };
		2A63C86C1D8143D2001A7530 /* DFIUITableViewDataSourceProxy.m in Sources */ = {isa = PBXBuildFile; fileRef = 2A63C8551D8143D2001A7530 /* DFIUITableViewDataSourceProxy.m */; };
		2A63C86D1D8143D2001A7530 /* DFIUITableViewDelegateProxy.m in Sources */ = {isa = PBXBuildFile; fileRef = 2A63C8571D8143D2001A7530 /* DFIUITableViewDelegateProxy.m */; };
		2A63C86F1D8143D2001A7530 /* UITableView+dequeueTableViewCell.m in Sources */ = {isa = PBXBuildFile; fileRef = 2A63C85A1D8143D2001A7530 /* UITableView+dequeueTableViewCell.m */; };
		2A6882031D894AAC0036B5CB /* HomeViewController.m in Sources */ = {isa = PBXBuildFile; fileRef = 2A6882021D894AAC0036B5CB /* HomeViewController.m */; };
		2A6882061D894B690036B5CB /* HomeViewControllerViewModel.m in Sources */ = {isa = PBXBuildFile; fileRef = 2A6882051D894B690036B5CB /* HomeViewControllerViewModel.m */; };
		2A6882091D89514C0036B5CB /* DataFormatTableViewController.m in Sources */ = {isa = PBXBuildFile; fileRef = 2A6882081D89514C0036B5CB /* DataFormatTableViewController.m */; };
		2A68820C1D89515C0036B5CB /* PlistTableViewController.m in Sources */ = {isa = PBXBuildFile; fileRef = 2A68820B1D89515C0036B5CB /* PlistTableViewController.m */; };
		2A68820F1D89522E0036B5CB /* DataFormatTableViewControllerViewModel.m in Sources */ = {isa = PBXBuildFile; fileRef = 2A68820E1D89522E0036B5CB /* DataFormatTableViewControllerViewModel.m */; };
		2A6882121D89523E0036B5CB /* PlistTableViewControllerViewModel.m in Sources */ = {isa = PBXBuildFile; fileRef = 2A6882111D89523E0036B5CB /* PlistTableViewControllerViewModel.m */; };
		2A6882141D8958020036B5CB /* PlistDemo.plist in Resources */ = {isa = PBXBuildFile; fileRef = 2A6882131D8958020036B5CB /* PlistDemo.plist */; };
		2AD223FC1D84135A00FB0B7A /* ReactiveCocoa.framework in Frameworks */ = {isa = PBXBuildFile; fileRef = 2A22A9EB1D83B8E700B5738E /* ReactiveCocoa.framework */; };
		2AD223FD1D84135A00FB0B7A /* ReactiveCocoa.framework in Embed Frameworks */ = {isa = PBXBuildFile; fileRef = 2A22A9EB1D83B8E700B5738E /* ReactiveCocoa.framework */; settings = {ATTRIBUTES = (CodeSignOnCopy, RemoveHeadersOnCopy, ); }; };
		2AD223FE1D84135A00FB0B7A /* Result.framework in Frameworks */ = {isa = PBXBuildFile; fileRef = 2A22A9EC1D83B8E700B5738E /* Result.framework */; };
		2AD223FF1D84135A00FB0B7A /* Result.framework in Embed Frameworks */ = {isa = PBXBuildFile; fileRef = 2A22A9EC1D83B8E700B5738E /* Result.framework */; settings = {ATTRIBUTES = (CodeSignOnCopy, RemoveHeadersOnCopy, ); }; };
		34A64BC73CC14D4ED32D6D04 /* Pods_DFITableViewManagerDemo.framework in Frameworks */ = {isa = PBXBuildFile; fileRef = 4633D689CCD1A0C361EFAD2E /* Pods_DFITableViewManagerDemo.framework */; };
/* End PBXBuildFile section */

/* Begin PBXContainerItemProxy section */
		2A63C80F1D8143A3001A7530 /* PBXContainerItemProxy */ = {
			isa = PBXContainerItemProxy;
			containerPortal = 2A63C7ED1D8143A3001A7530 /* Project object */;
			proxyType = 1;
			remoteGlobalIDString = 2A63C7F41D8143A3001A7530;
			remoteInfo = DFITableViewManagerDemo;
		};
		2A63C81A1D8143A3001A7530 /* PBXContainerItemProxy */ = {
			isa = PBXContainerItemProxy;
			containerPortal = 2A63C7ED1D8143A3001A7530 /* Project object */;
			proxyType = 1;
			remoteGlobalIDString = 2A63C7F41D8143A3001A7530;
			remoteInfo = DFITableViewManagerDemo;
		};
/* End PBXContainerItemProxy section */

/* Begin PBXCopyFilesBuildPhase section */
		2AD224001D84135A00FB0B7A /* Embed Frameworks */ = {
			isa = PBXCopyFilesBuildPhase;
			buildActionMask = 2147483647;
			dstPath = "";
			dstSubfolderSpec = 10;
			files = (
				2AD223FD1D84135A00FB0B7A /* ReactiveCocoa.framework in Embed Frameworks */,
				2AD223FF1D84135A00FB0B7A /* Result.framework in Embed Frameworks */,
			);
			name = "Embed Frameworks";
			runOnlyForDeploymentPostprocessing = 0;
		};
/* End PBXCopyFilesBuildPhase section */

/* Begin PBXFileReference section */
		24F7BC59D6CEE35CCAD80064 /* Pods-DFITableViewManagerDemo.debug.xcconfig */ = {isa = PBXFileReference; includeInIndex = 1; lastKnownFileType = text.xcconfig; name = "Pods-DFITableViewManagerDemo.debug.xcconfig"; path = "Pods/Target Support Files/Pods-DFITableViewManagerDemo/Pods-DFITableViewManagerDemo.debug.xcconfig"; sourceTree = "<group>"; };
		2A22A9EB1D83B8E700B5738E /* ReactiveCocoa.framework */ = {isa = PBXFileReference; lastKnownFileType = wrapper.framework; name = ReactiveCocoa.framework; path = Carthage/Build/iOS/ReactiveCocoa.framework; sourceTree = "<group>"; };
		2A22A9EC1D83B8E700B5738E /* Result.framework */ = {isa = PBXFileReference; lastKnownFileType = wrapper.framework; name = Result.framework; path = Carthage/Build/iOS/Result.framework; sourceTree = "<group>"; };
		2A22AA011D83E4D400B5738E /* CodeTableViewControllerViewModel.h */ = {isa = PBXFileReference; fileEncoding = 4; lastKnownFileType = sourcecode.c.h; path = CodeTableViewControllerViewModel.h; sourceTree = "<group>"; };
		2A22AA021D83E4D400B5738E /* CodeTableViewControllerViewModel.m */ = {isa = PBXFileReference; fileEncoding = 4; lastKnownFileType = sourcecode.c.objc; path = CodeTableViewControllerViewModel.m; sourceTree = "<group>"; };
		2A22AA041D84108300B5738E /* NSArray+funtional.h */ = {isa = PBXFileReference; fileEncoding = 4; lastKnownFileType = sourcecode.c.h; path = "NSArray+funtional.h"; sourceTree = "<group>"; };
		2A22AA051D84108300B5738E /* NSArray+funtional.m */ = {isa = PBXFileReference; fileEncoding = 4; lastKnownFileType = sourcecode.c.objc; path = "NSArray+funtional.m"; sourceTree = "<group>"; };
		2A22AA071D84110600B5738E /* DemoCustomCellViewModel.h */ = {isa = PBXFileReference; fileEncoding = 4; lastKnownFileType = sourcecode.c.h; path = DemoCustomCellViewModel.h; sourceTree = "<group>"; };
		2A22AA081D84110600B5738E /* DemoCustomCellViewModel.m */ = {isa = PBXFileReference; fileEncoding = 4; lastKnownFileType = sourcecode.c.objc; path = DemoCustomCellViewModel.m; sourceTree = "<group>"; };
		2A22AA091D84110600B5738E /* DemoCustomCell.h */ = {isa = PBXFileReference; fileEncoding = 4; lastKnownFileType = sourcecode.c.h; path = DemoCustomCell.h; sourceTree = "<group>"; };
		2A22AA0A1D84110600B5738E /* DemoCustomCell.m */ = {isa = PBXFileReference; fileEncoding = 4; lastKnownFileType = sourcecode.c.objc; path = DemoCustomCell.m; sourceTree = "<group>"; };
		2A63C7F51D8143A3001A7530 /* DFITableViewManagerDemo.app */ = {isa = PBXFileReference; explicitFileType = wrapper.application; includeInIndex = 0; path = DFITableViewManagerDemo.app; sourceTree = BUILT_PRODUCTS_DIR; };
		2A63C7F91D8143A3001A7530 /* main.m */ = {isa = PBXFileReference; lastKnownFileType = sourcecode.c.objc; path = main.m; sourceTree = "<group>"; };
		2A63C7FB1D8143A3001A7530 /* AppDelegate.h */ = {isa = PBXFileReference; lastKnownFileType = sourcecode.c.h; path = AppDelegate.h; sourceTree = "<group>"; };
		2A63C7FC1D8143A3001A7530 /* AppDelegate.m */ = {isa = PBXFileReference; lastKnownFileType = sourcecode.c.objc; path = AppDelegate.m; sourceTree = "<group>"; };
		2A63C7FE1D8143A3001A7530 /* CodeTableViewController.h */ = {isa = PBXFileReference; lastKnownFileType = sourcecode.c.h; path = CodeTableViewController.h; sourceTree = "<group>"; };
		2A63C7FF1D8143A3001A7530 /* CodeTableViewController.m */ = {isa = PBXFileReference; lastKnownFileType = sourcecode.c.objc; path = CodeTableViewController.m; sourceTree = "<group>"; };
		2A63C8021D8143A3001A7530 /* Base */ = {isa = PBXFileReference; lastKnownFileType = file.storyboard; name = Base; path = Base.lproj/Main.storyboard; sourceTree = "<group>"; };
		2A63C8041D8143A3001A7530 /* Assets.xcassets */ = {isa = PBXFileReference; lastKnownFileType = folder.assetcatalog; path = Assets.xcassets; sourceTree = "<group>"; };
		2A63C8071D8143A3001A7530 /* Base */ = {isa = PBXFileReference; lastKnownFileType = file.storyboard; name = Base; path = Base.lproj/LaunchScreen.storyboard; sourceTree = "<group>"; };
		2A63C8091D8143A3001A7530 /* Info.plist */ = {isa = PBXFileReference; lastKnownFileType = text.plist.xml; path = Info.plist; sourceTree = "<group>"; };
		2A63C80E1D8143A3001A7530 /* DFITableViewManagerDemoTests.xctest */ = {isa = PBXFileReference; explicitFileType = wrapper.cfbundle; includeInIndex = 0; path = DFITableViewManagerDemoTests.xctest; sourceTree = BUILT_PRODUCTS_DIR; };
		2A63C8121D8143A3001A7530 /* DFITableViewManagerDemoTests.m */ = {isa = PBXFileReference; lastKnownFileType = sourcecode.c.objc; path = DFITableViewManagerDemoTests.m; sourceTree = "<group>"; };
		2A63C8141D8143A3001A7530 /* Info.plist */ = {isa = PBXFileReference; lastKnownFileType = text.plist.xml; path = Info.plist; sourceTree = "<group>"; };
		2A63C8191D8143A3001A7530 /* DFITableViewManagerDemoUITests.xctest */ = {isa = PBXFileReference; explicitFileType = wrapper.cfbundle; includeInIndex = 0; path = DFITableViewManagerDemoUITests.xctest; sourceTree = BUILT_PRODUCTS_DIR; };
		2A63C81D1D8143A3001A7530 /* DFITableViewManagerDemoUITests.m */ = {isa = PBXFileReference; lastKnownFileType = sourcecode.c.objc; path = DFITableViewManagerDemoUITests.m; sourceTree = "<group>"; };
		2A63C81F1D8143A3001A7530 /* Info.plist */ = {isa = PBXFileReference; lastKnownFileType = text.plist.xml; path = Info.plist; sourceTree = "<group>"; };
		2A63C84A1D8143D2001A7530 /* DFITableViewConfiguration.h */ = {isa = PBXFileReference; fileEncoding = 4; lastKnownFileType = sourcecode.c.h; path = DFITableViewConfiguration.h; sourceTree = "<group>"; };
		2A63C84B1D8143D2001A7530 /* DFITableViewConfiguration.m */ = {isa = PBXFileReference; fileEncoding = 4; lastKnownFileType = sourcecode.c.objc; path = DFITableViewConfiguration.m; sourceTree = "<group>"; };
		2A63C84C1D8143D2001A7530 /* DFITableViewDataSourceProxy.h */ = {isa = PBXFileReference; fileEncoding = 4; lastKnownFileType = sourcecode.c.h; path = DFITableViewDataSourceProxy.h; sourceTree = "<group>"; };
		2A63C84D1D8143D2001A7530 /* DFITableViewDataSourceProxy.m */ = {isa = PBXFileReference; fileEncoding = 4; lastKnownFileType = sourcecode.c.objc; path = DFITableViewDataSourceProxy.m; sourceTree = "<group>"; };
		2A63C84E1D8143D2001A7530 /* DFITableViewDelegateProxy.h */ = {isa = PBXFileReference; fileEncoding = 4; lastKnownFileType = sourcecode.c.h; path = DFITableViewDelegateProxy.h; sourceTree = "<group>"; };
		2A63C84F1D8143D2001A7530 /* DFITableViewDelegateProxy.m */ = {isa = PBXFileReference; fileEncoding = 4; lastKnownFileType = sourcecode.c.objc; path = DFITableViewDelegateProxy.m; sourceTree = "<group>"; };
		2A63C8501D8143D2001A7530 /* DFITableViewManager.h */ = {isa = PBXFileReference; fileEncoding = 4; lastKnownFileType = sourcecode.c.h; path = DFITableViewManager.h; sourceTree = "<group>"; };
		2A63C8511D8143D2001A7530 /* DFITableViewModel.h */ = {isa = PBXFileReference; fileEncoding = 4; lastKnownFileType = sourcecode.c.h; path = DFITableViewModel.h; sourceTree = "<group>"; };
		2A63C8521D8143D2001A7530 /* DFITableViewModel.m */ = {isa = PBXFileReference; fileEncoding = 4; lastKnownFileType = sourcecode.c.objc; path = DFITableViewModel.m; sourceTree = "<group>"; };
		2A63C8531D8143D2001A7530 /* DFITableViewPaging.h */ = {isa = PBXFileReference; fileEncoding = 4; lastKnownFileType = sourcecode.c.h; path = DFITableViewPaging.h; sourceTree = "<group>"; };
		2A63C8541D8143D2001A7530 /* DFIUITableViewDataSourceProxy.h */ = {isa = PBXFileReference; fileEncoding = 4; lastKnownFileType = sourcecode.c.h; path = DFIUITableViewDataSourceProxy.h; sourceTree = "<group>"; };
		2A63C8551D8143D2001A7530 /* DFIUITableViewDataSourceProxy.m */ = {isa = PBXFileReference; fileEncoding = 4; lastKnownFileType = sourcecode.c.objc; path = DFIUITableViewDataSourceProxy.m; sourceTree = "<group>"; };
		2A63C8561D8143D2001A7530 /* DFIUITableViewDelegateProxy.h */ = {isa = PBXFileReference; fileEncoding = 4; lastKnownFileType = sourcecode.c.h; path = DFIUITableViewDelegateProxy.h; sourceTree = "<group>"; };
		2A63C8571D8143D2001A7530 /* DFIUITableViewDelegateProxy.m */ = {isa = PBXFileReference; fileEncoding = 4; lastKnownFileType = sourcecode.c.objc; path = DFIUITableViewDelegateProxy.m; sourceTree = "<group>"; };
		2A63C8591D8143D2001A7530 /* UITableView+dequeueTableViewCell.h */ = {isa = PBXFileReference; fileEncoding = 4; lastKnownFileType = sourcecode.c.h; path = "UITableView+dequeueTableViewCell.h"; sourceTree = "<group>"; };
		2A63C85A1D8143D2001A7530 /* UITableView+dequeueTableViewCell.m */ = {isa = PBXFileReference; fileEncoding = 4; lastKnownFileType = sourcecode.c.objc; path = "UITableView+dequeueTableViewCell.m"; sourceTree = "<group>"; };
		2A6882011D894AAC0036B5CB /* HomeViewController.h */ = {isa = PBXFileReference; fileEncoding = 4; lastKnownFileType = sourcecode.c.h; path = HomeViewController.h; sourceTree = "<group>"; };
		2A6882021D894AAC0036B5CB /* HomeViewController.m */ = {isa = PBXFileReference; fileEncoding = 4; lastKnownFileType = sourcecode.c.objc; path = HomeViewController.m; sourceTree = "<group>"; };
		2A6882041D894B690036B5CB /* HomeViewControllerViewModel.h */ = {isa = PBXFileReference; fileEncoding = 4; lastKnownFileType = sourcecode.c.h; path = HomeViewControllerViewModel.h; sourceTree = "<group>"; };
		2A6882051D894B690036B5CB /* HomeViewControllerViewModel.m */ = {isa = PBXFileReference; fileEncoding = 4; lastKnownFileType = sourcecode.c.objc; path = HomeViewControllerViewModel.m; sourceTree = "<group>"; };
		2A6882071D89514C0036B5CB /* DataFormatTableViewController.h */ = {isa = PBXFileReference; fileEncoding = 4; lastKnownFileType = sourcecode.c.h; path = DataFormatTableViewController.h; sourceTree = "<group>"; };
		2A6882081D89514C0036B5CB /* DataFormatTableViewController.m */ = {isa = PBXFileReference; fileEncoding = 4; lastKnownFileType = sourcecode.c.objc; path = DataFormatTableViewController.m; sourceTree = "<group>"; };
		2A68820A1D89515C0036B5CB /* PlistTableViewController.h */ = {isa = PBXFileReference; fileEncoding = 4; lastKnownFileType = sourcecode.c.h; path = PlistTableViewController.h; sourceTree = "<group>"; };
		2A68820B1D89515C0036B5CB /* PlistTableViewController.m */ = {isa = PBXFileReference; fileEncoding = 4; lastKnownFileType = sourcecode.c.objc; path = PlistTableViewController.m; sourceTree = "<group>"; };
		2A68820D1D89522E0036B5CB /* DataFormatTableViewControllerViewModel.h */ = {isa = PBXFileReference; fileEncoding = 4; lastKnownFileType = sourcecode.c.h; path = DataFormatTableViewControllerViewModel.h; sourceTree = "<group>"; };
		2A68820E1D89522E0036B5CB /* DataFormatTableViewControllerViewModel.m */ = {isa = PBXFileReference; fileEncoding = 4; lastKnownFileType = sourcecode.c.objc; path = DataFormatTableViewControllerViewModel.m; sourceTree = "<group>"; };
		2A6882101D89523E0036B5CB /* PlistTableViewControllerViewModel.h */ = {isa = PBXFileReference; fileEncoding = 4; lastKnownFileType = sourcecode.c.h; path = PlistTableViewControllerViewModel.h; sourceTree = "<group>"; };
		2A6882111D89523E0036B5CB /* PlistTableViewControllerViewModel.m */ = {isa = PBXFileReference; fileEncoding = 4; lastKnownFileType = sourcecode.c.objc; path = PlistTableViewControllerViewModel.m; sourceTree = "<group>"; };
		2A6882131D8958020036B5CB /* PlistDemo.plist */ = {isa = PBXFileReference; fileEncoding = 4; lastKnownFileType = text.plist.xml; path = PlistDemo.plist; sourceTree = "<group>"; };
		4633D689CCD1A0C361EFAD2E /* Pods_DFITableViewManagerDemo.framework */ = {isa = PBXFileReference; explicitFileType = wrapper.framework; includeInIndex = 0; path = Pods_DFITableViewManagerDemo.framework; sourceTree = BUILT_PRODUCTS_DIR; };
		8067B5009AA1BAE55BE2CFBF /* Pods-DFITableViewManagerDemo.release.xcconfig */ = {isa = PBXFileReference; includeInIndex = 1; lastKnownFileType = text.xcconfig; name = "Pods-DFITableViewManagerDemo.release.xcconfig"; path = "Pods/Target Support Files/Pods-DFITableViewManagerDemo/Pods-DFITableViewManagerDemo.release.xcconfig"; sourceTree = "<group>"; };
/* End PBXFileReference section */

/* Begin PBXFrameworksBuildPhase section */
		2A63C7F21D8143A3001A7530 /* Frameworks */ = {
			isa = PBXFrameworksBuildPhase;
			buildActionMask = 2147483647;
			files = (
				2AD223FE1D84135A00FB0B7A /* Result.framework in Frameworks */,
				34A64BC73CC14D4ED32D6D04 /* Pods_DFITableViewManagerDemo.framework in Frameworks */,
				2AD223FC1D84135A00FB0B7A /* ReactiveCocoa.framework in Frameworks */,
			);
			runOnlyForDeploymentPostprocessing = 0;
		};
		2A63C80B1D8143A3001A7530 /* Frameworks */ = {
			isa = PBXFrameworksBuildPhase;
			buildActionMask = 2147483647;
			files = (
			);
			runOnlyForDeploymentPostprocessing = 0;
		};
		2A63C8161D8143A3001A7530 /* Frameworks */ = {
			isa = PBXFrameworksBuildPhase;
			buildActionMask = 2147483647;
			files = (
			);
			runOnlyForDeploymentPostprocessing = 0;
		};
/* End PBXFrameworksBuildPhase section */

/* Begin PBXGroup section */
		1DB8767F2FCB3F94C9BA52F5 /* Pods */ = {
			isa = PBXGroup;
			children = (
				24F7BC59D6CEE35CCAD80064 /* Pods-DFITableViewManagerDemo.debug.xcconfig */,
				8067B5009AA1BAE55BE2CFBF /* Pods-DFITableViewManagerDemo.release.xcconfig */,
			);
			name = Pods;
			sourceTree = "<group>";
		};
		2A63C7EC1D8143A3001A7530 = {
			isa = PBXGroup;
			children = (
				2A63C8431D8143D2001A7530 /* DFITableViewManager */,
				2A63C7F71D8143A3001A7530 /* DFITableViewManagerDemo */,
				2A63C8111D8143A3001A7530 /* DFITableViewManagerDemoTests */,
				2A63C81C1D8143A3001A7530 /* DFITableViewManagerDemoUITests */,
				2A63C7F61D8143A3001A7530 /* Products */,
				1DB8767F2FCB3F94C9BA52F5 /* Pods */,
				F2D2B6F81BE19868CDC51243 /* Frameworks */,
			);
			sourceTree = "<group>";
		};
		2A63C7F61D8143A3001A7530 /* Products */ = {
			isa = PBXGroup;
			children = (
				2A63C7F51D8143A3001A7530 /* DFITableViewManagerDemo.app */,
				2A63C80E1D8143A3001A7530 /* DFITableViewManagerDemoTests.xctest */,
				2A63C8191D8143A3001A7530 /* DFITableViewManagerDemoUITests.xctest */,
			);
			name = Products;
			sourceTree = "<group>";
		};
		2A63C7F71D8143A3001A7530 /* DFITableViewManagerDemo */ = {
			isa = PBXGroup;
			children = (
				2A63C7FB1D8143A3001A7530 /* AppDelegate.h */,
				2A63C7FC1D8143A3001A7530 /* AppDelegate.m */,
				2A6882011D894AAC0036B5CB /* HomeViewController.h */,
				2A6882021D894AAC0036B5CB /* HomeViewController.m */,
				2A6882041D894B690036B5CB /* HomeViewControllerViewModel.h */,
				2A6882051D894B690036B5CB /* HomeViewControllerViewModel.m */,
				2A63C7FE1D8143A3001A7530 /* CodeTableViewController.h */,
				2A63C7FF1D8143A3001A7530 /* CodeTableViewController.m */,
				2A22AA011D83E4D400B5738E /* CodeTableViewControllerViewModel.h */,
				2A22AA021D83E4D400B5738E /* CodeTableViewControllerViewModel.m */,
				2A6882071D89514C0036B5CB /* DataFormatTableViewController.h */,
				2A6882081D89514C0036B5CB /* DataFormatTableViewController.m */,
				2A68820D1D89522E0036B5CB /* DataFormatTableViewControllerViewModel.h */,
				2A68820E1D89522E0036B5CB /* DataFormatTableViewControllerViewModel.m */,
				2A68820A1D89515C0036B5CB /* PlistTableViewController.h */,
				2A68820B1D89515C0036B5CB /* PlistTableViewController.m */,
				2A6882101D89523E0036B5CB /* PlistTableViewControllerViewModel.h */,
				2A6882111D89523E0036B5CB /* PlistTableViewControllerViewModel.m */,
				2A7F8BEE1D8FC76500208766 /* HelperCategory */,
				2A7F8BED1D8FC74400208766 /* CustomCells */,
				2A6882131D8958020036B5CB /* PlistDemo.plist */,
				2A63C8011D8143A3001A7530 /* Main.storyboard */,
				2A63C8041D8143A3001A7530 /* Assets.xcassets */,
				2A63C8061D8143A3001A7530 /* LaunchScreen.storyboard */,
				2A63C8091D8143A3001A7530 /* Info.plist */,
				2A63C7F81D8143A3001A7530 /* Supporting Files */,
			);
			path = DFITableViewManagerDemo;
			sourceTree = "<group>";
		};
		2A63C7F81D8143A3001A7530 /* Supporting Files */ = {
			isa = PBXGroup;
			children = (
				2A63C7F91D8143A3001A7530 /* main.m */,
			);
			name = "Supporting Files";
			sourceTree = "<group>";
		};
		2A63C8111D8143A3001A7530 /* DFITableViewManagerDemoTests */ = {
			isa = PBXGroup;
			children = (
				2A63C8121D8143A3001A7530 /* DFITableViewManagerDemoTests.m */,
				2A63C8141D8143A3001A7530 /* Info.plist */,
			);
			path = DFITableViewManagerDemoTests;
			sourceTree = "<group>";
		};
		2A63C81C1D8143A3001A7530 /* DFITableViewManagerDemoUITests */ = {
			isa = PBXGroup;
			children = (
				2A63C81D1D8143A3001A7530 /* DFITableViewManagerDemoUITests.m */,
				2A63C81F1D8143A3001A7530 /* Info.plist */,
			);
			path = DFITableViewManagerDemoUITests;
			sourceTree = "<group>";
		};
		2A63C8431D8143D2001A7530 /* DFITableViewManager */ = {
			isa = PBXGroup;
			children = (
				2A63C8501D8143D2001A7530 /* DFITableViewManager.h */,
				2A63C84A1D8143D2001A7530 /* DFITableViewConfiguration.h */,
				2A63C84B1D8143D2001A7530 /* DFITableViewConfiguration.m */,
				2A63C84C1D8143D2001A7530 /* DFITableViewDataSourceProxy.h */,
				2A63C84D1D8143D2001A7530 /* DFITableViewDataSourceProxy.m */,
				2A63C84E1D8143D2001A7530 /* DFITableViewDelegateProxy.h */,
				2A63C84F1D8143D2001A7530 /* DFITableViewDelegateProxy.m */,
				2A63C8511D8143D2001A7530 /* DFITableViewModel.h */,
				2A63C8521D8143D2001A7530 /* DFITableViewModel.m */,
				2A63C8531D8143D2001A7530 /* DFITableViewPaging.h */,
				2A63C8541D8143D2001A7530 /* DFIUITableViewDataSourceProxy.h */,
				2A63C8551D8143D2001A7530 /* DFIUITableViewDataSourceProxy.m */,
				2A63C8561D8143D2001A7530 /* DFIUITableViewDelegateProxy.h */,
				2A63C8571D8143D2001A7530 /* DFIUITableViewDelegateProxy.m */,
				2A63C8591D8143D2001A7530 /* UITableView+dequeueTableViewCell.h */,
				2A63C85A1D8143D2001A7530 /* UITableView+dequeueTableViewCell.m */,
			);
			path = DFITableViewManager;
			sourceTree = "<group>";
		};
		2A7F8BED1D8FC74400208766 /* CustomCells */ = {
			isa = PBXGroup;
			children = (
				2A22AA071D84110600B5738E /* DemoCustomCellViewModel.h */,
				2A22AA081D84110600B5738E /* DemoCustomCellViewModel.m */,
				2A22AA091D84110600B5738E /* DemoCustomCell.h */,
				2A22AA0A1D84110600B5738E /* DemoCustomCell.m */,
			);
			name = CustomCells;
			sourceTree = "<group>";
		};
		2A7F8BEE1D8FC76500208766 /* HelperCategory */ = {
			isa = PBXGroup;
			children = (
				2A22AA041D84108300B5738E /* NSArray+funtional.h */,
				2A22AA051D84108300B5738E /* NSArray+funtional.m */,
			);
			name = HelperCategory;
			sourceTree = "<group>";
		};
		F2D2B6F81BE19868CDC51243 /* Frameworks */ = {
			isa = PBXGroup;
			children = (
				2A22A9EB1D83B8E700B5738E /* ReactiveCocoa.framework */,
				2A22A9EC1D83B8E700B5738E /* Result.framework */,
				4633D689CCD1A0C361EFAD2E /* Pods_DFITableViewManagerDemo.framework */,
			);
			name = Frameworks;
			sourceTree = "<group>";
		};
/* End PBXGroup section */

/* Begin PBXNativeTarget section */
		2A63C7F41D8143A3001A7530 /* DFITableViewManagerDemo */ = {
			isa = PBXNativeTarget;
			buildConfigurationList = 2A63C8221D8143A3001A7530 /* Build configuration list for PBXNativeTarget "DFITableViewManagerDemo" */;
			buildPhases = (
				23E0E36148D392F07E460416 /* [CP] Check Pods Manifest.lock */,
				2A63C7F11D8143A3001A7530 /* Sources */,
				2A63C7F21D8143A3001A7530 /* Frameworks */,
				2A63C7F31D8143A3001A7530 /* Resources */,
				808CEB9676E6818779E8C7E0 /* [CP] Embed Pods Frameworks */,
				A0F567F8491483ED012BAF69 /* [CP] Copy Pods Resources */,
				2AD224001D84135A00FB0B7A /* Embed Frameworks */,
				2AD224011D8413DE00FB0B7A /* ShellScript */,
			);
			buildRules = (
			);
			dependencies = (
			);
			name = DFITableViewManagerDemo;
			productName = DFITableViewManagerDemo;
			productReference = 2A63C7F51D8143A3001A7530 /* DFITableViewManagerDemo.app */;
			productType = "com.apple.product-type.application";
		};
		2A63C80D1D8143A3001A7530 /* DFITableViewManagerDemoTests */ = {
			isa = PBXNativeTarget;
			buildConfigurationList = 2A63C8251D8143A3001A7530 /* Build configuration list for PBXNativeTarget "DFITableViewManagerDemoTests" */;
			buildPhases = (
				2A63C80A1D8143A3001A7530 /* Sources */,
				2A63C80B1D8143A3001A7530 /* Frameworks */,
				2A63C80C1D8143A3001A7530 /* Resources */,
			);
			buildRules = (
			);
			dependencies = (
				2A63C8101D8143A3001A7530 /* PBXTargetDependency */,
			);
			name = DFITableViewManagerDemoTests;
			productName = DFITableViewManagerDemoTests;
			productReference = 2A63C80E1D8143A3001A7530 /* DFITableViewManagerDemoTests.xctest */;
			productType = "com.apple.product-type.bundle.unit-test";
		};
		2A63C8181D8143A3001A7530 /* DFITableViewManagerDemoUITests */ = {
			isa = PBXNativeTarget;
			buildConfigurationList = 2A63C8281D8143A3001A7530 /* Build configuration list for PBXNativeTarget "DFITableViewManagerDemoUITests" */;
			buildPhases = (
				2A63C8151D8143A3001A7530 /* Sources */,
				2A63C8161D8143A3001A7530 /* Frameworks */,
				2A63C8171D8143A3001A7530 /* Resources */,
			);
			buildRules = (
			);
			dependencies = (
				2A63C81B1D8143A3001A7530 /* PBXTargetDependency */,
			);
			name = DFITableViewManagerDemoUITests;
			productName = DFITableViewManagerDemoUITests;
			productReference = 2A63C8191D8143A3001A7530 /* DFITableViewManagerDemoUITests.xctest */;
			productType = "com.apple.product-type.bundle.ui-testing";
		};
/* End PBXNativeTarget section */

/* Begin PBXProject section */
		2A63C7ED1D8143A3001A7530 /* Project object */ = {
			isa = PBXProject;
			attributes = {
				LastUpgradeCheck = 0800;
				ORGANIZATIONNAME = sdaheng;
				TargetAttributes = {
					2A63C7F41D8143A3001A7530 = {
						CreatedOnToolsVersion = 8.0;
						LastSwiftMigration = 0800;
						ProvisioningStyle = Automatic;
					};
					2A63C80D1D8143A3001A7530 = {
						CreatedOnToolsVersion = 8.0;
						ProvisioningStyle = Automatic;
						TestTargetID = 2A63C7F41D8143A3001A7530;
					};
					2A63C8181D8143A3001A7530 = {
						CreatedOnToolsVersion = 8.0;
						ProvisioningStyle = Automatic;
						TestTargetID = 2A63C7F41D8143A3001A7530;
					};
				};
			};
			buildConfigurationList = 2A63C7F01D8143A3001A7530 /* Build configuration list for PBXProject "DFITableViewManagerDemo" */;
			compatibilityVersion = "Xcode 3.2";
			developmentRegion = English;
			hasScannedForEncodings = 0;
			knownRegions = (
				en,
				Base,
			);
			mainGroup = 2A63C7EC1D8143A3001A7530;
			productRefGroup = 2A63C7F61D8143A3001A7530 /* Products */;
			projectDirPath = "";
			projectRoot = "";
			targets = (
				2A63C7F41D8143A3001A7530 /* DFITableViewManagerDemo */,
				2A63C80D1D8143A3001A7530 /* DFITableViewManagerDemoTests */,
				2A63C8181D8143A3001A7530 /* DFITableViewManagerDemoUITests */,
			);
		};
/* End PBXProject section */

/* Begin PBXResourcesBuildPhase section */
		2A63C7F31D8143A3001A7530 /* Resources */ = {
			isa = PBXResourcesBuildPhase;
			buildActionMask = 2147483647;
			files = (
				2A63C8081D8143A3001A7530 /* LaunchScreen.storyboard in Resources */,
				2A63C8051D8143A3001A7530 /* Assets.xcassets in Resources */,
				2A6882141D8958020036B5CB /* PlistDemo.plist in Resources */,
				2A63C8031D8143A3001A7530 /* Main.storyboard in Resources */,
			);
			runOnlyForDeploymentPostprocessing = 0;
		};
		2A63C80C1D8143A3001A7530 /* Resources */ = {
			isa = PBXResourcesBuildPhase;
			buildActionMask = 2147483647;
			files = (
			);
			runOnlyForDeploymentPostprocessing = 0;
		};
		2A63C8171D8143A3001A7530 /* Resources */ = {
			isa = PBXResourcesBuildPhase;
			buildActionMask = 2147483647;
			files = (
			);
			runOnlyForDeploymentPostprocessing = 0;
		};
/* End PBXResourcesBuildPhase section */

/* Begin PBXShellScriptBuildPhase section */
		23E0E36148D392F07E460416 /* [CP] Check Pods Manifest.lock */ = {
			isa = PBXShellScriptBuildPhase;
			buildActionMask = 2147483647;
			files = (
			);
			inputPaths = (
			);
			name = "[CP] Check Pods Manifest.lock";
			outputPaths = (
			);
			runOnlyForDeploymentPostprocessing = 0;
			shellPath = /bin/sh;
			shellScript = "diff \"${PODS_ROOT}/../Podfile.lock\" \"${PODS_ROOT}/Manifest.lock\" > /dev/null\nif [ $? != 0 ] ; then\n    # print error to STDERR\n    echo \"error: The sandbox is not in sync with the Podfile.lock. Run 'pod install' or update your CocoaPods installation.\" >&2\n    exit 1\nfi\n";
			showEnvVarsInLog = 0;
		};
		2AD224011D8413DE00FB0B7A /* ShellScript */ = {
			isa = PBXShellScriptBuildPhase;
			buildActionMask = 12;
			files = (
			);
			inputPaths = (
				"$(SRCROOT)/Carthage/Build/iOS/Result.framework",
				"$(SRCROOT)/Carthage/Build/iOS/ReactiveCocoa.framework",
			);
			outputPaths = (
			);
			runOnlyForDeploymentPostprocessing = 0;
			shellPath = /bin/sh;
			shellScript = "/usr/local/bin/carthage copy-frameworks";
		};
		808CEB9676E6818779E8C7E0 /* [CP] Embed Pods Frameworks */ = {
			isa = PBXShellScriptBuildPhase;
			buildActionMask = 2147483647;
			files = (
			);
			inputPaths = (
			);
			name = "[CP] Embed Pods Frameworks";
			outputPaths = (
			);
			runOnlyForDeploymentPostprocessing = 0;
			shellPath = /bin/sh;
			shellScript = "\"${SRCROOT}/Pods/Target Support Files/Pods-DFITableViewManagerDemo/Pods-DFITableViewManagerDemo-frameworks.sh\"\n";
			showEnvVarsInLog = 0;
		};
		A0F567F8491483ED012BAF69 /* [CP] Copy Pods Resources */ = {
			isa = PBXShellScriptBuildPhase;
			buildActionMask = 2147483647;
			files = (
			);
			inputPaths = (
			);
			name = "[CP] Copy Pods Resources";
			outputPaths = (
			);
			runOnlyForDeploymentPostprocessing = 0;
			shellPath = /bin/sh;
			shellScript = "\"${SRCROOT}/Pods/Target Support Files/Pods-DFITableViewManagerDemo/Pods-DFITableViewManagerDemo-resources.sh\"\n";
			showEnvVarsInLog = 0;
		};
/* End PBXShellScriptBuildPhase section */

/* Begin PBXSourcesBuildPhase section */
		2A63C7F11D8143A3001A7530 /* Sources */ = {
			isa = PBXSourcesBuildPhase;
			buildActionMask = 2147483647;
			files = (
				2A22AA0B1D84110600B5738E /* DemoCustomCellViewModel.m in Sources */,
				2A63C8691D8143D2001A7530 /* DFITableViewDataSourceProxy.m in Sources */,
				2A63C86D1D8143D2001A7530 /* DFIUITableViewDelegateProxy.m in Sources */,
				2A68820F1D89522E0036B5CB /* DataFormatTableViewControllerViewModel.m in Sources */,
				2A63C86A1D8143D2001A7530 /* DFITableViewDelegateProxy.m in Sources */,
				2A22AA061D84108300B5738E /* NSArray+funtional.m in Sources */,
				2A68820C1D89515C0036B5CB /* PlistTableViewController.m in Sources */,
				2A63C8681D8143D2001A7530 /* DFITableViewConfiguration.m in Sources */,
				2A22AA0C1D84110600B5738E /* DemoCustomCell.m in Sources */,
				2A63C8001D8143A3001A7530 /* CodeTableViewController.m in Sources */,
				2A63C86F1D8143D2001A7530 /* UITableView+dequeueTableViewCell.m in Sources */,
				2A63C7FD1D8143A3001A7530 /* AppDelegate.m in Sources */,
				2A6882121D89523E0036B5CB /* PlistTableViewControllerViewModel.m in Sources */,
				2A63C86B1D8143D2001A7530 /* DFITableViewModel.m in Sources */,
				2A6882091D89514C0036B5CB /* DataFormatTableViewController.m in Sources */,
				2A6882061D894B690036B5CB /* HomeViewControllerViewModel.m in Sources */,
				2A22AA031D83E4D400B5738E /* CodeTableViewControllerViewModel.m in Sources */,
				2A63C7FA1D8143A3001A7530 /* main.m in Sources */,
				2A63C86C1D8143D2001A7530 /* DFIUITableViewDataSourceProxy.m in Sources */,
				2A6882031D894AAC0036B5CB /* HomeViewController.m in Sources */,
			);
			runOnlyForDeploymentPostprocessing = 0;
		};
		2A63C80A1D8143A3001A7530 /* Sources */ = {
			isa = PBXSourcesBuildPhase;
			buildActionMask = 2147483647;
			files = (
				2A63C8131D8143A3001A7530 /* DFITableViewManagerDemoTests.m in Sources */,
			);
			runOnlyForDeploymentPostprocessing = 0;
		};
		2A63C8151D8143A3001A7530 /* Sources */ = {
			isa = PBXSourcesBuildPhase;
			buildActionMask = 2147483647;
			files = (
				2A63C81E1D8143A3001A7530 /* DFITableViewManagerDemoUITests.m in Sources */,
			);
			runOnlyForDeploymentPostprocessing = 0;
		};
/* End PBXSourcesBuildPhase section */

/* Begin PBXTargetDependency section */
		2A63C8101D8143A3001A7530 /* PBXTargetDependency */ = {
			isa = PBXTargetDependency;
			target = 2A63C7F41D8143A3001A7530 /* DFITableViewManagerDemo */;
			targetProxy = 2A63C80F1D8143A3001A7530 /* PBXContainerItemProxy */;
		};
		2A63C81B1D8143A3001A7530 /* PBXTargetDependency */ = {
			isa = PBXTargetDependency;
			target = 2A63C7F41D8143A3001A7530 /* DFITableViewManagerDemo */;
			targetProxy = 2A63C81A1D8143A3001A7530 /* PBXContainerItemProxy */;
		};
/* End PBXTargetDependency section */

/* Begin PBXVariantGroup section */
		2A63C8011D8143A3001A7530 /* Main.storyboard */ = {
			isa = PBXVariantGroup;
			children = (
				2A63C8021D8143A3001A7530 /* Base */,
			);
			name = Main.storyboard;
			sourceTree = "<group>";
		};
		2A63C8061D8143A3001A7530 /* LaunchScreen.storyboard */ = {
			isa = PBXVariantGroup;
			children = (
				2A63C8071D8143A3001A7530 /* Base */,
			);
			name = LaunchScreen.storyboard;
			sourceTree = "<group>";
		};
/* End PBXVariantGroup section */

/* Begin XCBuildConfiguration section */
		2A63C8201D8143A3001A7530 /* Debug */ = {
			isa = XCBuildConfiguration;
			buildSettings = {
				ALWAYS_SEARCH_USER_PATHS = NO;
				CLANG_ANALYZER_NONNULL = YES;
				CLANG_CXX_LANGUAGE_STANDARD = "gnu++0x";
				CLANG_CXX_LIBRARY = "libc++";
				CLANG_ENABLE_MODULES = YES;
				CLANG_ENABLE_OBJC_ARC = YES;
				CLANG_WARN_BOOL_CONVERSION = YES;
				CLANG_WARN_CONSTANT_CONVERSION = YES;
				CLANG_WARN_DIRECT_OBJC_ISA_USAGE = YES_ERROR;
				CLANG_WARN_DOCUMENTATION_COMMENTS = YES;
				CLANG_WARN_EMPTY_BODY = YES;
				CLANG_WARN_ENUM_CONVERSION = YES;
				CLANG_WARN_INFINITE_RECURSION = YES;
				CLANG_WARN_INT_CONVERSION = YES;
				CLANG_WARN_OBJC_ROOT_CLASS = YES_ERROR;
				CLANG_WARN_SUSPICIOUS_MOVE = YES;
				CLANG_WARN_SUSPICIOUS_MOVES = YES;
				CLANG_WARN_UNREACHABLE_CODE = YES;
				CLANG_WARN__DUPLICATE_METHOD_MATCH = YES;
				"CODE_SIGN_IDENTITY[sdk=iphoneos*]" = "iPhone Developer";
				COPY_PHASE_STRIP = NO;
				DEBUG_INFORMATION_FORMAT = dwarf;
				ENABLE_STRICT_OBJC_MSGSEND = YES;
				ENABLE_TESTABILITY = YES;
				GCC_C_LANGUAGE_STANDARD = gnu99;
				GCC_DYNAMIC_NO_PIC = NO;
				GCC_NO_COMMON_BLOCKS = YES;
				GCC_OPTIMIZATION_LEVEL = 0;
				GCC_PREPROCESSOR_DEFINITIONS = (
					"DEBUG=1",
					"$(inherited)",
				);
				GCC_WARN_64_TO_32_BIT_CONVERSION = YES;
				GCC_WARN_ABOUT_RETURN_TYPE = YES_ERROR;
				GCC_WARN_UNDECLARED_SELECTOR = YES;
				GCC_WARN_UNINITIALIZED_AUTOS = YES_AGGRESSIVE;
				GCC_WARN_UNUSED_FUNCTION = YES;
				GCC_WARN_UNUSED_VARIABLE = YES;
				IPHONEOS_DEPLOYMENT_TARGET = 10.0;
				MTL_ENABLE_DEBUG_INFO = YES;
				ONLY_ACTIVE_ARCH = YES;
				SDKROOT = iphoneos;
				TARGETED_DEVICE_FAMILY = "1,2";
			};
			name = Debug;
		};
		2A63C8211D8143A3001A7530 /* Release */ = {
			isa = XCBuildConfiguration;
			buildSettings = {
				ALWAYS_SEARCH_USER_PATHS = NO;
				CLANG_ANALYZER_NONNULL = YES;
				CLANG_CXX_LANGUAGE_STANDARD = "gnu++0x";
				CLANG_CXX_LIBRARY = "libc++";
				CLANG_ENABLE_MODULES = YES;
				CLANG_ENABLE_OBJC_ARC = YES;
				CLANG_WARN_BOOL_CONVERSION = YES;
				CLANG_WARN_CONSTANT_CONVERSION = YES;
				CLANG_WARN_DIRECT_OBJC_ISA_USAGE = YES_ERROR;
				CLANG_WARN_DOCUMENTATION_COMMENTS = YES;
				CLANG_WARN_EMPTY_BODY = YES;
				CLANG_WARN_ENUM_CONVERSION = YES;
				CLANG_WARN_INFINITE_RECURSION = YES;
				CLANG_WARN_INT_CONVERSION = YES;
				CLANG_WARN_OBJC_ROOT_CLASS = YES_ERROR;
				CLANG_WARN_SUSPICIOUS_MOVE = YES;
				CLANG_WARN_SUSPICIOUS_MOVES = YES;
				CLANG_WARN_UNREACHABLE_CODE = YES;
				CLANG_WARN__DUPLICATE_METHOD_MATCH = YES;
				"CODE_SIGN_IDENTITY[sdk=iphoneos*]" = "iPhone Developer";
				COPY_PHASE_STRIP = NO;
				DEBUG_INFORMATION_FORMAT = "dwarf-with-dsym";
				ENABLE_NS_ASSERTIONS = NO;
				ENABLE_STRICT_OBJC_MSGSEND = YES;
				GCC_C_LANGUAGE_STANDARD = gnu99;
				GCC_NO_COMMON_BLOCKS = YES;
				GCC_WARN_64_TO_32_BIT_CONVERSION = YES;
				GCC_WARN_ABOUT_RETURN_TYPE = YES_ERROR;
				GCC_WARN_UNDECLARED_SELECTOR = YES;
				GCC_WARN_UNINITIALIZED_AUTOS = YES_AGGRESSIVE;
				GCC_WARN_UNUSED_FUNCTION = YES;
				GCC_WARN_UNUSED_VARIABLE = YES;
				IPHONEOS_DEPLOYMENT_TARGET = 10.0;
				MTL_ENABLE_DEBUG_INFO = NO;
				SDKROOT = iphoneos;
				TARGETED_DEVICE_FAMILY = "1,2";
				VALIDATE_PRODUCT = YES;
			};
			name = Release;
		};
		2A63C8231D8143A3001A7530 /* Debug */ = {
			isa = XCBuildConfiguration;
			baseConfigurationReference = 24F7BC59D6CEE35CCAD80064 /* Pods-DFITableViewManagerDemo.debug.xcconfig */;
			buildSettings = {
				ALWAYS_EMBED_SWIFT_STANDARD_LIBRARIES = YES;
				ASSETCATALOG_COMPILER_APPICON_NAME = AppIcon;
				FRAMEWORK_SEARCH_PATHS = (
					"$(inherited)",
					"$(PROJECT_DIR)/Carthage/Build/iOS",
				);
				INFOPLIST_FILE = DFITableViewManagerDemo/Info.plist;
				IPHONEOS_DEPLOYMENT_TARGET = 8.0;
				LD_RUNPATH_SEARCH_PATHS = "$(inherited) @executable_path/Frameworks";
				PRODUCT_BUNDLE_IDENTIFIER = com.kibey.TestKBAD.DFITableViewManagerDemo;
				PRODUCT_NAME = "$(TARGET_NAME)";
				SWIFT_VERSION = 2.3;
			};
			name = Debug;
		};
		2A63C8241D8143A3001A7530 /* Release */ = {
			isa = XCBuildConfiguration;
			baseConfigurationReference = 8067B5009AA1BAE55BE2CFBF /* Pods-DFITableViewManagerDemo.release.xcconfig */;
			buildSettings = {
				ALWAYS_EMBED_SWIFT_STANDARD_LIBRARIES = YES;
				ASSETCATALOG_COMPILER_APPICON_NAME = AppIcon;
				FRAMEWORK_SEARCH_PATHS = (
					"$(inherited)",
					"$(PROJECT_DIR)/Carthage/Build/iOS",
				);
				INFOPLIST_FILE = DFITableViewManagerDemo/Info.plist;
				IPHONEOS_DEPLOYMENT_TARGET = 8.0;
				LD_RUNPATH_SEARCH_PATHS = "$(inherited) @executable_path/Frameworks";
				PRODUCT_BUNDLE_IDENTIFIER = com.kibey.TestKBAD.DFITableViewManagerDemo;
				PRODUCT_NAME = "$(TARGET_NAME)";
				SWIFT_VERSION = 2.3;
			};
			name = Release;
		};
		2A63C8261D8143A3001A7530 /* Debug */ = {
			isa = XCBuildConfiguration;
			buildSettings = {
				BUNDLE_LOADER = "$(TEST_HOST)";
				INFOPLIST_FILE = DFITableViewManagerDemoTests/Info.plist;
				LD_RUNPATH_SEARCH_PATHS = "$(inherited) @executable_path/Frameworks @loader_path/Frameworks";
				PRODUCT_BUNDLE_IDENTIFIER = com.kibey.TestKBAD.DFITableViewManagerDemoTests;
				PRODUCT_NAME = "$(TARGET_NAME)";
				TEST_HOST = "$(BUILT_PRODUCTS_DIR)/DFITableViewManagerDemo.app/DFITableViewManagerDemo";
			};
			name = Debug;
		};
		2A63C8271D8143A3001A7530 /* Release */ = {
			isa = XCBuildConfiguration;
			buildSettings = {
				BUNDLE_LOADER = "$(TEST_HOST)";
				INFOPLIST_FILE = DFITableViewManagerDemoTests/Info.plist;
				LD_RUNPATH_SEARCH_PATHS = "$(inherited) @executable_path/Frameworks @loader_path/Frameworks";
				PRODUCT_BUNDLE_IDENTIFIER = com.kibey.TestKBAD.DFITableViewManagerDemoTests;
				PRODUCT_NAME = "$(TARGET_NAME)";
				TEST_HOST = "$(BUILT_PRODUCTS_DIR)/DFITableViewManagerDemo.app/DFITableViewManagerDemo";
			};
			name = Release;
		};
		2A63C8291D8143A3001A7530 /* Debug */ = {
			isa = XCBuildConfiguration;
			buildSettings = {
				INFOPLIST_FILE = DFITableViewManagerDemoUITests/Info.plist;
				LD_RUNPATH_SEARCH_PATHS = "$(inherited) @executable_path/Frameworks @loader_path/Frameworks";
				PRODUCT_BUNDLE_IDENTIFIER = com.kibey.TestKBAD.DFITableViewManagerDemoUITests;
				PRODUCT_NAME = "$(TARGET_NAME)";
				TEST_TARGET_NAME = DFITableViewManagerDemo;
			};
			name = Debug;
		};
		2A63C82A1D8143A3001A7530 /* Release */ = {
			isa = XCBuildConfiguration;
			buildSettings = {
				INFOPLIST_FILE = DFITableViewManagerDemoUITests/Info.plist;
				LD_RUNPATH_SEARCH_PATHS = "$(inherited) @executable_path/Frameworks @loader_path/Frameworks";
				PRODUCT_BUNDLE_IDENTIFIER = com.kibey.TestKBAD.DFITableViewManagerDemoUITests;
				PRODUCT_NAME = "$(TARGET_NAME)";
				TEST_TARGET_NAME = DFITableViewManagerDemo;
			};
			name = Release;
		};
/* End XCBuildConfiguration section */

/* Begin XCConfigurationList section */
		2A63C7F01D8143A3001A7530 /* Build configuration list for PBXProject "DFITableViewManagerDemo" */ = {
			isa = XCConfigurationList;
			buildConfigurations = (
				2A63C8201D8143A3001A7530 /* Debug */,
				2A63C8211D8143A3001A7530 /* Release */,
			);
			defaultConfigurationIsVisible = 0;
			defaultConfigurationName = Release;
		};
		2A63C8221D8143A3001A7530 /* Build configuration list for PBXNativeTarget "DFITableViewManagerDemo" */ = {
			isa = XCConfigurationList;
			buildConfigurations = (
				2A63C8231D8143A3001A7530 /* Debug */,
				2A63C8241D8143A3001A7530 /* Release */,
			);
			defaultConfigurationIsVisible = 0;
			defaultConfigurationName = Release;
		};
		2A63C8251D8143A3001A7530 /* Build configuration list for PBXNativeTarget "DFITableViewManagerDemoTests" */ = {
			isa = XCConfigurationList;
			buildConfigurations = (
				2A63C8261D8143A3001A7530 /* Debug */,
				2A63C8271D8143A3001A7530 /* Release */,
			);
			defaultConfigurationIsVisible = 0;
			defaultConfigurationName = Release;
		};
		2A63C8281D8143A3001A7530 /* Build configuration list for PBXNativeTarget "DFITableViewManagerDemoUITests" */ = {
			isa = XCConfigurationList;
			buildConfigurations = (
				2A63C8291D8143A3001A7530 /* Debug */,
				2A63C82A1D8143A3001A7530 /* Release */,
			);
			defaultConfigurationIsVisible = 0;
			defaultConfigurationName = Release;
		};
/* End XCConfigurationList section */
	};
	rootObject = 2A63C7ED1D8143A3001A7530 /* Project object */;
}
